
Microsoft Visual Studio Solution File, Format Version 12.00
# Visual Studio Version 16
VisualStudioVersion = 16.0.32901.82
MinimumVisualStudioVersion = 10.0.40219.1
Project("{FAE04EC0-301F-11D3-BF4B-00C04F79EFBC}") = "QUANLYKHOHANG", "QUANLYKHOHANG\QUANLYKHOHANG.csproj", "{E7FF696B-69D4-48DD-8341-C214039B9F0E}"
EndProject
Global
	GlobalSection(SolutionConfigurationPlatforms) = preSolution
		Debug|Any CPU = Debug|Any CPU
		Release|Any CPU = Release|Any CPU
	EndGlobalSection
	GlobalSection(ProjectConfigurationPlatforms) = postSolution
		{E7FF696B-69D4-48DD-8341-C214039B9F0E}.Debug|Any CPU.ActiveCfg = Debug|Any CPU
		{E7FF696B-69D4-48DD-8341-C214039B9F0E}.Debug|Any CPU.Build.0 = Debug|Any CPU
		{E7FF696B-69D4-48DD-8341-C214039B9F0E}.Release|Any CPU.ActiveCfg = Release|Any CPU
		{E7FF696B-69D4-48DD-8341-C214039B9F0E}.Release|Any CPU.Build.0 = Release|Any CPU
	EndGlobalSection
	GlobalSection(SolutionProperties) = preSolution
		HideSolutionNode = FALSE
	EndGlobalSection
	GlobalSection(ExtensibilityGlobals) = postSolution
		SolutionGuid = {19112CA0-0360-4100-95BE-A5793E88FDA5}
	EndGlobalSection
EndGlobal
